
Microsoft Visual Studio Solution File, Format Version 12.00
# Visual Studio 15
VisualStudioVersion = 15.0.28307.779
MinimumVisualStudioVersion = 10.0.40219.1
Project("{FAE04EC0-301F-11D3-BF4B-00C04F79EFBC}") = "guia de ejercicios", "guia de ejercicios\guia de ejercicios.csproj", "{37FCBF9F-5A02-4536-8370-5D73C249D0CB}"
EndProject
Project("{9A19103F-16F7-4668-BE54-9A1E7A4F7556}") = "Biblioteca", "Biblioteca\Biblioteca.csproj", "{3F3AF1F0-5FB8-4F58-A040-BA6F5F5DE8E3}"
EndProject
Project("{9A19103F-16F7-4668-BE54-9A1E7A4F7556}") = "Class", "Class\Class.csproj", "{6CE3526C-16D8-4B62-AEB4-FDD239C6BBED}"
EndProject
Project("{9A19103F-16F7-4668-BE54-9A1E7A4F7556}") = "potencia", "potencia\potencia.csproj", "{DF2302F7-1F22-40EF-AA66-E48D2505C9E2}"
EndProject
Project("{FAE04EC0-301F-11D3-BF4B-00C04F79EFBC}") = "Primos", "Primos\Primos.csproj", "{540A967F-5F2F-46F4-A10F-52CE07F9BC97}"
EndProject
Global
	GlobalSection(SolutionConfigurationPlatforms) = preSolution
		Debug|Any CPU = Debug|Any CPU
		Release|Any CPU = Release|Any CPU
	EndGlobalSection
	GlobalSection(ProjectConfigurationPlatforms) = postSolution
		{37FCBF9F-5A02-4536-8370-5D73C249D0CB}.Debug|Any CPU.ActiveCfg = Debug|Any CPU
		{37FCBF9F-5A02-4536-8370-5D73C249D0CB}.Debug|Any CPU.Build.0 = Debug|Any CPU
		{37FCBF9F-5A02-4536-8370-5D73C249D0CB}.Release|Any CPU.ActiveCfg = Release|Any CPU
		{37FCBF9F-5A02-4536-8370-5D73C249D0CB}.Release|Any CPU.Build.0 = Release|Any CPU
		{3F3AF1F0-5FB8-4F58-A040-BA6F5F5DE8E3}.Debug|Any CPU.ActiveCfg = Debug|Any CPU
		{3F3AF1F0-5FB8-4F58-A040-BA6F5F5DE8E3}.Debug|Any CPU.Build.0 = Debug|Any CPU
		{3F3AF1F0-5FB8-4F58-A040-BA6F5F5DE8E3}.Release|Any CPU.ActiveCfg = Release|Any CPU
		{3F3AF1F0-5FB8-4F58-A040-BA6F5F5DE8E3}.Release|Any CPU.Build.0 = Release|Any CPU
		{6CE3526C-16D8-4B62-AEB4-FDD239C6BBED}.Debug|Any CPU.ActiveCfg = Debug|Any CPU
		{6CE3526C-16D8-4B62-AEB4-FDD239C6BBED}.Debug|Any CPU.Build.0 = Debug|Any CPU
		{6CE3526C-16D8-4B62-AEB4-FDD239C6BBED}.Release|Any CPU.ActiveCfg = Release|Any CPU
		{6CE3526C-16D8-4B62-AEB4-FDD239C6BBED}.Release|Any CPU.Build.0 = Release|Any CPU
		{DF2302F7-1F22-40EF-AA66-E48D2505C9E2}.Debug|Any CPU.ActiveCfg = Debug|Any CPU
		{DF2302F7-1F22-40EF-AA66-E48D2505C9E2}.Debug|Any CPU.Build.0 = Debug|Any CPU
		{DF2302F7-1F22-40EF-AA66-E48D2505C9E2}.Release|Any CPU.ActiveCfg = Release|Any CPU
		{DF2302F7-1F22-40EF-AA66-E48D2505C9E2}.Release|Any CPU.Build.0 = Release|Any CPU
		{540A967F-5F2F-46F4-A10F-52CE07F9BC97}.Debug|Any CPU.ActiveCfg = Debug|Any CPU
		{540A967F-5F2F-46F4-A10F-52CE07F9BC97}.Debug|Any CPU.Build.0 = Debug|Any CPU
		{540A967F-5F2F-46F4-A10F-52CE07F9BC97}.Release|Any CPU.ActiveCfg = Release|Any CPU
		{540A967F-5F2F-46F4-A10F-52CE07F9BC97}.Release|Any CPU.Build.0 = Release|Any CPU
	EndGlobalSection
	GlobalSection(SolutionProperties) = preSolution
		HideSolutionNode = FALSE
	EndGlobalSection
	GlobalSection(ExtensibilityGlobals) = postSolution
		SolutionGuid = {65A1D1F1-D942-4E07-B795-917E20305544}
	EndGlobalSection
EndGlobal
