
Microsoft Visual Studio Solution File, Format Version 12.00
# Visual Studio 15
VisualStudioVersion = 15.0.27703.2047
MinimumVisualStudioVersion = 10.0.40219.1
Project("{FAE04EC0-301F-11D3-BF4B-00C04F79EFBC}") = "Clase_06", "Clase_06\Clase_06.csproj", "{BB6A8D9B-01F9-4FDA-A118-20C2FB792FB8}"
EndProject
Global
	GlobalSection(SolutionConfigurationPlatforms) = preSolution
		Debug|Any CPU = Debug|Any CPU
		Release|Any CPU = Release|Any CPU
	EndGlobalSection
	GlobalSection(ProjectConfigurationPlatforms) = postSolution
		{BB6A8D9B-01F9-4FDA-A118-20C2FB792FB8}.Debug|Any CPU.ActiveCfg = Debug|Any CPU
		{BB6A8D9B-01F9-4FDA-A118-20C2FB792FB8}.Debug|Any CPU.Build.0 = Debug|Any CPU
		{BB6A8D9B-01F9-4FDA-A118-20C2FB792FB8}.Release|Any CPU.ActiveCfg = Release|Any CPU
		{BB6A8D9B-01F9-4FDA-A118-20C2FB792FB8}.Release|Any CPU.Build.0 = Release|Any CPU
	EndGlobalSection
	GlobalSection(SolutionProperties) = preSolution
		HideSolutionNode = FALSE
	EndGlobalSection
	GlobalSection(ExtensibilityGlobals) = postSolution
		SolutionGuid = {AC04087C-E29C-4334-86C0-9C352CBB93DA}
	EndGlobalSection
EndGlobal
