
Microsoft Visual Studio Solution File, Format Version 12.00
# Visual Studio 15
VisualStudioVersion = 15.0.28307.779
MinimumVisualStudioVersion = 10.0.40219.1
Project("{FAE04EC0-301F-11D3-BF4B-00C04F79EFBC}") = "Clase_03", "Clase_03\Clase_03.csproj", "{4109F692-10BD-470C-9B61-EF5EE372B035}"
EndProject
Project("{FAE04EC0-301F-11D3-BF4B-00C04F79EFBC}") = "Objeto_01", "Objeto_01\Objeto_01.csproj", "{48DB4E40-E130-4EA5-8528-C0FA4F399734}"
EndProject
Global
	GlobalSection(SolutionConfigurationPlatforms) = preSolution
		Debug|Any CPU = Debug|Any CPU
		Release|Any CPU = Release|Any CPU
	EndGlobalSection
	GlobalSection(ProjectConfigurationPlatforms) = postSolution
		{4109F692-10BD-470C-9B61-EF5EE372B035}.Debug|Any CPU.ActiveCfg = Debug|Any CPU
		{4109F692-10BD-470C-9B61-EF5EE372B035}.Debug|Any CPU.Build.0 = Debug|Any CPU
		{4109F692-10BD-470C-9B61-EF5EE372B035}.Release|Any CPU.ActiveCfg = Release|Any CPU
		{4109F692-10BD-470C-9B61-EF5EE372B035}.Release|Any CPU.Build.0 = Release|Any CPU
		{48DB4E40-E130-4EA5-8528-C0FA4F399734}.Debug|Any CPU.ActiveCfg = Debug|Any CPU
		{48DB4E40-E130-4EA5-8528-C0FA4F399734}.Debug|Any CPU.Build.0 = Debug|Any CPU
		{48DB4E40-E130-4EA5-8528-C0FA4F399734}.Release|Any CPU.ActiveCfg = Release|Any CPU
		{48DB4E40-E130-4EA5-8528-C0FA4F399734}.Release|Any CPU.Build.0 = Release|Any CPU
	EndGlobalSection
	GlobalSection(SolutionProperties) = preSolution
		HideSolutionNode = FALSE
	EndGlobalSection
	GlobalSection(ExtensibilityGlobals) = postSolution
		SolutionGuid = {EB9170FC-8C15-4E67-8C30-799E8171BE85}
	EndGlobalSection
EndGlobal
